
Microsoft Visual Studio Solution File, Format Version 12.00
# Visual Studio Version 17
VisualStudioVersion = 17.6.33829.357
MinimumVisualStudioVersion = 10.0.40219.1
Project("{FAE04EC0-301F-11D3-BF4B-00C04F79EFBC}") = "SimpleCalculator1", "SimpleCalculator1.csproj", "{680118A9-218E-494E-AC1A-31E49BB51051}"
EndProject
Global
	GlobalSection(SolutionConfigurationPlatforms) = preSolution
		Debug|Any CPU = Debug|Any CPU
		Release|Any CPU = Release|Any CPU
	EndGlobalSection
	GlobalSection(ProjectConfigurationPlatforms) = postSolution
		{680118A9-218E-494E-AC1A-31E49BB51051}.Debug|Any CPU.ActiveCfg = Debug|Any CPU
		{680118A9-218E-494E-AC1A-31E49BB51051}.Debug|Any CPU.Build.0 = Debug|Any CPU
		{680118A9-218E-494E-AC1A-31E49BB51051}.Release|Any CPU.ActiveCfg = Release|Any CPU
		{680118A9-218E-494E-AC1A-31E49BB51051}.Release|Any CPU.Build.0 = Release|Any CPU
	EndGlobalSection
	GlobalSection(SolutionProperties) = preSolution
		HideSolutionNode = FALSE
	EndGlobalSection
	GlobalSection(ExtensibilityGlobals) = postSolution
		SolutionGuid = {2E02466A-9D8E-4DEE-AB16-815CE330545A}
	EndGlobalSection
EndGlobal
